version: 2.0
shards:
  aws:
    git: https://github.com/tedsinger/crystal-aws.git
    version: 0.1.0+git.commit.f6cc6670a4b792cd94708d692c26e9a6688efd92

  awscr-signer:
    git: https://github.com/taylorfinnell/awscr-signer.git
    version: 0.9.0+git.commit.88f6be8134ca175218f64bbfb0717d84e6cf505e

  db:
    git: https://github.com/crystal-lang/crystal-db.git
    version: 0.13.1

