version: 2.0
shards:
  aws:
    git: https://github.com/tedsinger/crystal-aws.git
    version: 0.1.0+git.commit.2eb92662e58d738201a146b020229ce4b1eed09c

  awscr-signer:
    git: https://github.com/taylorfinnell/awscr-signer.git
    version: 0.9.0+git.commit.88f6be8134ca175218f64bbfb0717d84e6cf505e

  db:
    git: https://github.com/crystal-lang/crystal-db.git
    version: 0.13.1

